
Microsoft Visual Studio Solution File, Format Version 12.00
# Visual Studio Version 16
VisualStudioVersion = 16.0.29025.244
MinimumVisualStudioVersion = 10.0.40219.1
Project("{2150E333-8FDC-42A3-9474-1A3956D46DE8}") = "Refactor", "Refactor", "{901F2C6E-B290-4407-99EA-B2859C589FC1}"
EndProject
Project("{2150E333-8FDC-42A3-9474-1A3956D46DE8}") = "UI", "UI", "{A92D39BC-58B4-423F-B9D0-88B556EF3C9A}"
EndProject
Project("{2150E333-8FDC-42A3-9474-1A3956D46DE8}") = "Data", "Data", "{07321F27-23C1-4115-B3CA-4DFE16302D5D}"
EndProject
Project("{2150E333-8FDC-42A3-9474-1A3956D46DE8}") = "Services", "Services", "{46302E28-9160-47F7-89A0-D742E6359546}"
EndProject
Project("{FAE04EC0-301F-11D3-BF4B-00C04F79EFBC}") = "QuickPad.Mvc", "QuickPad.Services\QuickPad.Mvc\QuickPad.Mvc.csproj", "{E52DCFA1-7AFC-463D-B71E-98B6BF0BD700}"
EndProject
Project("{FAE04EC0-301F-11D3-BF4B-00C04F79EFBC}") = "QuickPad.Mvvm", "QuickPad.Services\QuickPad.Mvvm\QuickPad.Mvvm.csproj", "{DD33C42D-9DE7-4E74-A44D-2085764CF0C8}"
EndProject
Project("{FAE04EC0-301F-11D3-BF4B-00C04F79EFBC}") = "QuickPad.Data", "QuickPad.Data\QuickPad.Data\QuickPad.Data.csproj", "{4092441F-4F90-4DF6-B68C-6EC27AC22CA2}"
EndProject
Project("{FAE04EC0-301F-11D3-BF4B-00C04F79EFBC}") = "QuickPad.UI", "QuickPad.UI\QuickPad.UI\QuickPad.UI.csproj", "{963E0DD1-CAC9-490B-B38B-2F05CAC306C6}"
EndProject
Project("{FAE04EC0-301F-11D3-BF4B-00C04F79EFBC}") = "QuickPad.UI.Common", "QuickPad.UI\QuickPad.UI.Common\QuickPad.UI.Common.csproj", "{CBC34766-2D70-47EB-8DDB-BF9A57EC4B4D}"
EndProject
Global
	GlobalSection(SolutionConfigurationPlatforms) = preSolution
		Debug|Any CPU = Debug|Any CPU
		Debug|ARM = Debug|ARM
		Debug|ARM64 = Debug|ARM64
		Debug|x64 = Debug|x64
		Debug|x86 = Debug|x86
		Release|Any CPU = Release|Any CPU
		Release|ARM = Release|ARM
		Release|ARM64 = Release|ARM64
		Release|x64 = Release|x64
		Release|x86 = Release|x86
	EndGlobalSection
	GlobalSection(ProjectConfigurationPlatforms) = postSolution
		{E52DCFA1-7AFC-463D-B71E-98B6BF0BD700}.Debug|Any CPU.ActiveCfg = Debug|Any CPU
		{E52DCFA1-7AFC-463D-B71E-98B6BF0BD700}.Debug|Any CPU.Build.0 = Debug|Any CPU
		{E52DCFA1-7AFC-463D-B71E-98B6BF0BD700}.Debug|ARM.ActiveCfg = Debug|ARM
		{E52DCFA1-7AFC-463D-B71E-98B6BF0BD700}.Debug|ARM.Build.0 = Debug|ARM
		{E52DCFA1-7AFC-463D-B71E-98B6BF0BD700}.Debug|ARM64.ActiveCfg = Debug|ARM64
		{E52DCFA1-7AFC-463D-B71E-98B6BF0BD700}.Debug|ARM64.Build.0 = Debug|ARM64
		{E52DCFA1-7AFC-463D-B71E-98B6BF0BD700}.Debug|x64.ActiveCfg = Debug|x64
		{E52DCFA1-7AFC-463D-B71E-98B6BF0BD700}.Debug|x64.Build.0 = Debug|x64
		{E52DCFA1-7AFC-463D-B71E-98B6BF0BD700}.Debug|x86.ActiveCfg = Debug|x86
		{E52DCFA1-7AFC-463D-B71E-98B6BF0BD700}.Debug|x86.Build.0 = Debug|x86
		{E52DCFA1-7AFC-463D-B71E-98B6BF0BD700}.Release|Any CPU.ActiveCfg = Release|Any CPU
		{E52DCFA1-7AFC-463D-B71E-98B6BF0BD700}.Release|Any CPU.Build.0 = Release|Any CPU
		{E52DCFA1-7AFC-463D-B71E-98B6BF0BD700}.Release|ARM.ActiveCfg = Release|ARM
		{E52DCFA1-7AFC-463D-B71E-98B6BF0BD700}.Release|ARM.Build.0 = Release|ARM
		{E52DCFA1-7AFC-463D-B71E-98B6BF0BD700}.Release|ARM64.ActiveCfg = Release|ARM64
		{E52DCFA1-7AFC-463D-B71E-98B6BF0BD700}.Release|ARM64.Build.0 = Release|ARM64
		{E52DCFA1-7AFC-463D-B71E-98B6BF0BD700}.Release|x64.ActiveCfg = Release|x64
		{E52DCFA1-7AFC-463D-B71E-98B6BF0BD700}.Release|x64.Build.0 = Release|x64
		{E52DCFA1-7AFC-463D-B71E-98B6BF0BD700}.Release|x86.ActiveCfg = Release|x86
		{E52DCFA1-7AFC-463D-B71E-98B6BF0BD700}.Release|x86.Build.0 = Release|x86
		{DD33C42D-9DE7-4E74-A44D-2085764CF0C8}.Debug|Any CPU.ActiveCfg = Debug|Any CPU
		{DD33C42D-9DE7-4E74-A44D-2085764CF0C8}.Debug|Any CPU.Build.0 = Debug|Any CPU
		{DD33C42D-9DE7-4E74-A44D-2085764CF0C8}.Debug|ARM.ActiveCfg = Debug|ARM
		{DD33C42D-9DE7-4E74-A44D-2085764CF0C8}.Debug|ARM.Build.0 = Debug|ARM
		{DD33C42D-9DE7-4E74-A44D-2085764CF0C8}.Debug|ARM64.ActiveCfg = Debug|ARM64
		{DD33C42D-9DE7-4E74-A44D-2085764CF0C8}.Debug|ARM64.Build.0 = Debug|ARM64
		{DD33C42D-9DE7-4E74-A44D-2085764CF0C8}.Debug|x64.ActiveCfg = Debug|x64
		{DD33C42D-9DE7-4E74-A44D-2085764CF0C8}.Debug|x64.Build.0 = Debug|x64
		{DD33C42D-9DE7-4E74-A44D-2085764CF0C8}.Debug|x86.ActiveCfg = Debug|x86
		{DD33C42D-9DE7-4E74-A44D-2085764CF0C8}.Debug|x86.Build.0 = Debug|x86
		{DD33C42D-9DE7-4E74-A44D-2085764CF0C8}.Release|Any CPU.ActiveCfg = Release|Any CPU
		{DD33C42D-9DE7-4E74-A44D-2085764CF0C8}.Release|Any CPU.Build.0 = Release|Any CPU
		{DD33C42D-9DE7-4E74-A44D-2085764CF0C8}.Release|ARM.ActiveCfg = Release|ARM
		{DD33C42D-9DE7-4E74-A44D-2085764CF0C8}.Release|ARM.Build.0 = Release|ARM
		{DD33C42D-9DE7-4E74-A44D-2085764CF0C8}.Release|ARM64.ActiveCfg = Release|ARM64
		{DD33C42D-9DE7-4E74-A44D-2085764CF0C8}.Release|ARM64.Build.0 = Release|ARM64
		{DD33C42D-9DE7-4E74-A44D-2085764CF0C8}.Release|x64.ActiveCfg = Release|x64
		{DD33C42D-9DE7-4E74-A44D-2085764CF0C8}.Release|x64.Build.0 = Release|x64
		{DD33C42D-9DE7-4E74-A44D-2085764CF0C8}.Release|x86.ActiveCfg = Release|x86
		{DD33C42D-9DE7-4E74-A44D-2085764CF0C8}.Release|x86.Build.0 = Release|x86
		{4092441F-4F90-4DF6-B68C-6EC27AC22CA2}.Debug|Any CPU.ActiveCfg = Debug|Any CPU
		{4092441F-4F90-4DF6-B68C-6EC27AC22CA2}.Debug|Any CPU.Build.0 = Debug|Any CPU
		{4092441F-4F90-4DF6-B68C-6EC27AC22CA2}.Debug|ARM.ActiveCfg = Debug|ARM
		{4092441F-4F90-4DF6-B68C-6EC27AC22CA2}.Debug|ARM.Build.0 = Debug|ARM
		{4092441F-4F90-4DF6-B68C-6EC27AC22CA2}.Debug|ARM64.ActiveCfg = Debug|ARM64
		{4092441F-4F90-4DF6-B68C-6EC27AC22CA2}.Debug|ARM64.Build.0 = Debug|ARM64
		{4092441F-4F90-4DF6-B68C-6EC27AC22CA2}.Debug|x64.ActiveCfg = Debug|x64
		{4092441F-4F90-4DF6-B68C-6EC27AC22CA2}.Debug|x64.Build.0 = Debug|x64
		{4092441F-4F90-4DF6-B68C-6EC27AC22CA2}.Debug|x86.ActiveCfg = Debug|x86
		{4092441F-4F90-4DF6-B68C-6EC27AC22CA2}.Debug|x86.Build.0 = Debug|x86
		{4092441F-4F90-4DF6-B68C-6EC27AC22CA2}.Release|Any CPU.ActiveCfg = Release|Any CPU
		{4092441F-4F90-4DF6-B68C-6EC27AC22CA2}.Release|Any CPU.Build.0 = Release|Any CPU
		{4092441F-4F90-4DF6-B68C-6EC27AC22CA2}.Release|ARM.ActiveCfg = Release|ARM
		{4092441F-4F90-4DF6-B68C-6EC27AC22CA2}.Release|ARM.Build.0 = Release|ARM
		{4092441F-4F90-4DF6-B68C-6EC27AC22CA2}.Release|ARM64.ActiveCfg = Release|ARM64
		{4092441F-4F90-4DF6-B68C-6EC27AC22CA2}.Release|ARM64.Build.0 = Release|ARM64
		{4092441F-4F90-4DF6-B68C-6EC27AC22CA2}.Release|x64.ActiveCfg = Release|x64
		{4092441F-4F90-4DF6-B68C-6EC27AC22CA2}.Release|x64.Build.0 = Release|x64
		{4092441F-4F90-4DF6-B68C-6EC27AC22CA2}.Release|x86.ActiveCfg = Release|x86
		{4092441F-4F90-4DF6-B68C-6EC27AC22CA2}.Release|x86.Build.0 = Release|x86
		{963E0DD1-CAC9-490B-B38B-2F05CAC306C6}.Debug|Any CPU.ActiveCfg = Debug|x86
		{963E0DD1-CAC9-490B-B38B-2F05CAC306C6}.Debug|Any CPU.Build.0 = Debug|x86
		{963E0DD1-CAC9-490B-B38B-2F05CAC306C6}.Debug|Any CPU.Deploy.0 = Debug|x86
		{963E0DD1-CAC9-490B-B38B-2F05CAC306C6}.Debug|ARM.ActiveCfg = Debug|ARM
		{963E0DD1-CAC9-490B-B38B-2F05CAC306C6}.Debug|ARM.Build.0 = Debug|ARM
		{963E0DD1-CAC9-490B-B38B-2F05CAC306C6}.Debug|ARM.Deploy.0 = Debug|ARM
		{963E0DD1-CAC9-490B-B38B-2F05CAC306C6}.Debug|ARM64.ActiveCfg = Debug|ARM64
		{963E0DD1-CAC9-490B-B38B-2F05CAC306C6}.Debug|ARM64.Build.0 = Debug|ARM64
		{963E0DD1-CAC9-490B-B38B-2F05CAC306C6}.Debug|ARM64.Deploy.0 = Debug|ARM64
		{963E0DD1-CAC9-490B-B38B-2F05CAC306C6}.Debug|x64.ActiveCfg = Debug|x64
		{963E0DD1-CAC9-490B-B38B-2F05CAC306C6}.Debug|x64.Build.0 = Debug|x64
		{963E0DD1-CAC9-490B-B38B-2F05CAC306C6}.Debug|x64.Deploy.0 = Debug|x64
		{963E0DD1-CAC9-490B-B38B-2F05CAC306C6}.Debug|x86.ActiveCfg = Debug|x86
		{963E0DD1-CAC9-490B-B38B-2F05CAC306C6}.Debug|x86.Build.0 = Debug|x86
		{963E0DD1-CAC9-490B-B38B-2F05CAC306C6}.Debug|x86.Deploy.0 = Debug|x86
		{963E0DD1-CAC9-490B-B38B-2F05CAC306C6}.Release|Any CPU.ActiveCfg = Release|x86
		{963E0DD1-CAC9-490B-B38B-2F05CAC306C6}.Release|ARM.ActiveCfg = Release|ARM
		{963E0DD1-CAC9-490B-B38B-2F05CAC306C6}.Release|ARM.Build.0 = Release|ARM
		{963E0DD1-CAC9-490B-B38B-2F05CAC306C6}.Release|ARM.Deploy.0 = Release|ARM
		{963E0DD1-CAC9-490B-B38B-2F05CAC306C6}.Release|ARM64.ActiveCfg = Release|ARM64
		{963E0DD1-CAC9-490B-B38B-2F05CAC306C6}.Release|ARM64.Build.0 = Release|ARM64
		{963E0DD1-CAC9-490B-B38B-2F05CAC306C6}.Release|ARM64.Deploy.0 = Release|ARM64
		{963E0DD1-CAC9-490B-B38B-2F05CAC306C6}.Release|x64.ActiveCfg = Release|x64
		{963E0DD1-CAC9-490B-B38B-2F05CAC306C6}.Release|x64.Build.0 = Release|x64
		{963E0DD1-CAC9-490B-B38B-2F05CAC306C6}.Release|x64.Deploy.0 = Release|x64
		{963E0DD1-CAC9-490B-B38B-2F05CAC306C6}.Release|x86.ActiveCfg = Release|x86
		{963E0DD1-CAC9-490B-B38B-2F05CAC306C6}.Release|x86.Build.0 = Release|x86
		{963E0DD1-CAC9-490B-B38B-2F05CAC306C6}.Release|x86.Deploy.0 = Release|x86
		{CBC34766-2D70-47EB-8DDB-BF9A57EC4B4D}.Debug|Any CPU.ActiveCfg = Debug|Any CPU
		{CBC34766-2D70-47EB-8DDB-BF9A57EC4B4D}.Debug|Any CPU.Build.0 = Debug|Any CPU
		{CBC34766-2D70-47EB-8DDB-BF9A57EC4B4D}.Debug|ARM.ActiveCfg = Debug|ARM
		{CBC34766-2D70-47EB-8DDB-BF9A57EC4B4D}.Debug|ARM.Build.0 = Debug|ARM
		{CBC34766-2D70-47EB-8DDB-BF9A57EC4B4D}.Debug|ARM64.ActiveCfg = Debug|ARM64
		{CBC34766-2D70-47EB-8DDB-BF9A57EC4B4D}.Debug|ARM64.Build.0 = Debug|ARM64
		{CBC34766-2D70-47EB-8DDB-BF9A57EC4B4D}.Debug|x64.ActiveCfg = Debug|x64
		{CBC34766-2D70-47EB-8DDB-BF9A57EC4B4D}.Debug|x64.Build.0 = Debug|x64
		{CBC34766-2D70-47EB-8DDB-BF9A57EC4B4D}.Debug|x86.ActiveCfg = Debug|x86
		{CBC34766-2D70-47EB-8DDB-BF9A57EC4B4D}.Debug|x86.Build.0 = Debug|x86
		{CBC34766-2D70-47EB-8DDB-BF9A57EC4B4D}.Release|Any CPU.ActiveCfg = Release|Any CPU
		{CBC34766-2D70-47EB-8DDB-BF9A57EC4B4D}.Release|Any CPU.Build.0 = Release|Any CPU
		{CBC34766-2D70-47EB-8DDB-BF9A57EC4B4D}.Release|ARM.ActiveCfg = Release|ARM
		{CBC34766-2D70-47EB-8DDB-BF9A57EC4B4D}.Release|ARM.Build.0 = Release|ARM
		{CBC34766-2D70-47EB-8DDB-BF9A57EC4B4D}.Release|ARM64.ActiveCfg = Release|ARM64
		{CBC34766-2D70-47EB-8DDB-BF9A57EC4B4D}.Release|ARM64.Build.0 = Release|ARM64
		{CBC34766-2D70-47EB-8DDB-BF9A57EC4B4D}.Release|x64.ActiveCfg = Release|x64
		{CBC34766-2D70-47EB-8DDB-BF9A57EC4B4D}.Release|x64.Build.0 = Release|x64
		{CBC34766-2D70-47EB-8DDB-BF9A57EC4B4D}.Release|x86.ActiveCfg = Release|x86
		{CBC34766-2D70-47EB-8DDB-BF9A57EC4B4D}.Release|x86.Build.0 = Release|x86
	EndGlobalSection
	GlobalSection(SolutionProperties) = preSolution
		HideSolutionNode = FALSE
	EndGlobalSection
	GlobalSection(NestedProjects) = preSolution
		{A92D39BC-58B4-423F-B9D0-88B556EF3C9A} = {901F2C6E-B290-4407-99EA-B2859C589FC1}
		{07321F27-23C1-4115-B3CA-4DFE16302D5D} = {901F2C6E-B290-4407-99EA-B2859C589FC1}
		{46302E28-9160-47F7-89A0-D742E6359546} = {901F2C6E-B290-4407-99EA-B2859C589FC1}
		{E52DCFA1-7AFC-463D-B71E-98B6BF0BD700} = {46302E28-9160-47F7-89A0-D742E6359546}
		{DD33C42D-9DE7-4E74-A44D-2085764CF0C8} = {46302E28-9160-47F7-89A0-D742E6359546}
		{4092441F-4F90-4DF6-B68C-6EC27AC22CA2} = {07321F27-23C1-4115-B3CA-4DFE16302D5D}
		{963E0DD1-CAC9-490B-B38B-2F05CAC306C6} = {A92D39BC-58B4-423F-B9D0-88B556EF3C9A}
		{CBC34766-2D70-47EB-8DDB-BF9A57EC4B4D} = {A92D39BC-58B4-423F-B9D0-88B556EF3C9A}
	EndGlobalSection
	GlobalSection(ExtensibilityGlobals) = postSolution
		SolutionGuid = {8FAE45A0-1D0E-4FA3-91F7-18064BC883FD}
	EndGlobalSection
EndGlobal
