
Microsoft Visual Studio Solution File, Format Version 12.00
# Visual Studio Version 17
VisualStudioVersion = 17.12.35209.166
MinimumVisualStudioVersion = 10.0.40219.1
Project("{2150E333-8FDC-42A3-9474-1A3956D46DE8}") = "Data", "Data", "{07321F27-23C1-4115-B3CA-4DFE16302D5D}"
EndProject
Project("{2150E333-8FDC-42A3-9474-1A3956D46DE8}") = "Services", "Services", "{46302E28-9160-47F7-89A0-D742E6359546}"
EndProject
Project("{FAE04EC0-301F-11D3-BF4B-00C04F79EFBC}") = "QuickPad.Data", "QuickPad.Data\QuickPad.Data.csproj", "{4092441F-4F90-4DF6-B68C-6EC27AC22CA2}"
EndProject
Project("{FAE04EC0-301F-11D3-BF4B-00C04F79EFBC}") = "QuickPad.App", "QuickPad.App\QuickPad.App.csproj", "{963E0DD1-CAC9-490B-B38B-2F05CAC306C6}"
EndProject
Project("{9A19103F-16F7-4668-BE54-9A1E7A4F7556}") = "QuickPad.Standard.Mvc", "QuickPad.Standard.Mvc\QuickPad.Standard.Mvc.csproj", "{6F4E3759-FF34-4ABE-BCE2-35078E27A681}"
EndProject
Project("{9A19103F-16F7-4668-BE54-9A1E7A4F7556}") = "QuickPad.Standard.Mvvm", "QuickPad.Standard.Mvvm\QuickPad.Standard.Mvvm.csproj", "{E6A773FB-DBF3-4E5A-A585-400E8A83FE7C}"
EndProject
Project("{9A19103F-16F7-4668-BE54-9A1E7A4F7556}") = "QuickPad.Standard.Data", "QuickPad.Standard.Data\QuickPad.Standard.Data.csproj", "{EF407A85-3916-4B4D-AC88-59709E3E9542}"
EndProject
Project("{D954291E-2A0B-460D-934E-DC6B0785DB48}") = "QuickPad.Shared.Commands", "QuickPad.Shared.Commands\QuickPad.Shared.Commands.shproj", "{A3A11726-6514-4508-8514-E779832A5FAB}"
EndProject
Global
	GlobalSection(SolutionConfigurationPlatforms) = preSolution
		Debug|Any CPU = Debug|Any CPU
		Debug|ARM = Debug|ARM
		Debug|ARM64 = Debug|ARM64
		Debug|x64 = Debug|x64
		Debug|x86 = Debug|x86
		Release|Any CPU = Release|Any CPU
		Release|ARM = Release|ARM
		Release|ARM64 = Release|ARM64
		Release|x64 = Release|x64
		Release|x86 = Release|x86
	EndGlobalSection
	GlobalSection(ProjectConfigurationPlatforms) = postSolution
		{4092441F-4F90-4DF6-B68C-6EC27AC22CA2}.Debug|Any CPU.ActiveCfg = Debug|Any CPU
		{4092441F-4F90-4DF6-B68C-6EC27AC22CA2}.Debug|Any CPU.Build.0 = Debug|Any CPU
		{4092441F-4F90-4DF6-B68C-6EC27AC22CA2}.Debug|ARM.ActiveCfg = Debug|ARM
		{4092441F-4F90-4DF6-B68C-6EC27AC22CA2}.Debug|ARM.Build.0 = Debug|ARM
		{4092441F-4F90-4DF6-B68C-6EC27AC22CA2}.Debug|ARM64.ActiveCfg = Debug|ARM64
		{4092441F-4F90-4DF6-B68C-6EC27AC22CA2}.Debug|ARM64.Build.0 = Debug|ARM64
		{4092441F-4F90-4DF6-B68C-6EC27AC22CA2}.Debug|x64.ActiveCfg = Debug|x64
		{4092441F-4F90-4DF6-B68C-6EC27AC22CA2}.Debug|x64.Build.0 = Debug|x64
		{4092441F-4F90-4DF6-B68C-6EC27AC22CA2}.Debug|x86.ActiveCfg = Debug|x86
		{4092441F-4F90-4DF6-B68C-6EC27AC22CA2}.Debug|x86.Build.0 = Debug|x86
		{4092441F-4F90-4DF6-B68C-6EC27AC22CA2}.Release|Any CPU.ActiveCfg = Release|Any CPU
		{4092441F-4F90-4DF6-B68C-6EC27AC22CA2}.Release|Any CPU.Build.0 = Release|Any CPU
		{4092441F-4F90-4DF6-B68C-6EC27AC22CA2}.Release|ARM.ActiveCfg = Release|ARM
		{4092441F-4F90-4DF6-B68C-6EC27AC22CA2}.Release|ARM.Build.0 = Release|ARM
		{4092441F-4F90-4DF6-B68C-6EC27AC22CA2}.Release|ARM64.ActiveCfg = Release|ARM64
		{4092441F-4F90-4DF6-B68C-6EC27AC22CA2}.Release|ARM64.Build.0 = Release|ARM64
		{4092441F-4F90-4DF6-B68C-6EC27AC22CA2}.Release|x64.ActiveCfg = Release|x64
		{4092441F-4F90-4DF6-B68C-6EC27AC22CA2}.Release|x64.Build.0 = Release|x64
		{4092441F-4F90-4DF6-B68C-6EC27AC22CA2}.Release|x86.ActiveCfg = Release|x86
		{4092441F-4F90-4DF6-B68C-6EC27AC22CA2}.Release|x86.Build.0 = Release|x86
		{963E0DD1-CAC9-490B-B38B-2F05CAC306C6}.Debug|Any CPU.ActiveCfg = Debug|x86
		{963E0DD1-CAC9-490B-B38B-2F05CAC306C6}.Debug|Any CPU.Build.0 = Debug|x86
		{963E0DD1-CAC9-490B-B38B-2F05CAC306C6}.Debug|Any CPU.Deploy.0 = Debug|x86
		{963E0DD1-CAC9-490B-B38B-2F05CAC306C6}.Debug|ARM.ActiveCfg = Debug|ARM
		{963E0DD1-CAC9-490B-B38B-2F05CAC306C6}.Debug|ARM.Build.0 = Debug|ARM
		{963E0DD1-CAC9-490B-B38B-2F05CAC306C6}.Debug|ARM.Deploy.0 = Debug|ARM
		{963E0DD1-CAC9-490B-B38B-2F05CAC306C6}.Debug|ARM64.ActiveCfg = Debug|ARM64
		{963E0DD1-CAC9-490B-B38B-2F05CAC306C6}.Debug|ARM64.Build.0 = Debug|ARM64
		{963E0DD1-CAC9-490B-B38B-2F05CAC306C6}.Debug|ARM64.Deploy.0 = Debug|ARM64
		{963E0DD1-CAC9-490B-B38B-2F05CAC306C6}.Debug|x64.ActiveCfg = Debug|x64
		{963E0DD1-CAC9-490B-B38B-2F05CAC306C6}.Debug|x64.Build.0 = Debug|x64
		{963E0DD1-CAC9-490B-B38B-2F05CAC306C6}.Debug|x64.Deploy.0 = Debug|x64
		{963E0DD1-CAC9-490B-B38B-2F05CAC306C6}.Debug|x86.ActiveCfg = Debug|x86
		{963E0DD1-CAC9-490B-B38B-2F05CAC306C6}.Debug|x86.Build.0 = Debug|x86
		{963E0DD1-CAC9-490B-B38B-2F05CAC306C6}.Debug|x86.Deploy.0 = Debug|x86
		{963E0DD1-CAC9-490B-B38B-2F05CAC306C6}.Release|Any CPU.ActiveCfg = Release|x86
		{963E0DD1-CAC9-490B-B38B-2F05CAC306C6}.Release|ARM.ActiveCfg = Release|ARM
		{963E0DD1-CAC9-490B-B38B-2F05CAC306C6}.Release|ARM.Build.0 = Release|ARM
		{963E0DD1-CAC9-490B-B38B-2F05CAC306C6}.Release|ARM.Deploy.0 = Release|ARM
		{963E0DD1-CAC9-490B-B38B-2F05CAC306C6}.Release|ARM64.ActiveCfg = Release|ARM64
		{963E0DD1-CAC9-490B-B38B-2F05CAC306C6}.Release|ARM64.Build.0 = Release|ARM64
		{963E0DD1-CAC9-490B-B38B-2F05CAC306C6}.Release|ARM64.Deploy.0 = Release|ARM64
		{963E0DD1-CAC9-490B-B38B-2F05CAC306C6}.Release|x64.ActiveCfg = Release|x64
		{963E0DD1-CAC9-490B-B38B-2F05CAC306C6}.Release|x64.Build.0 = Release|x64
		{963E0DD1-CAC9-490B-B38B-2F05CAC306C6}.Release|x64.Deploy.0 = Release|x64
		{963E0DD1-CAC9-490B-B38B-2F05CAC306C6}.Release|x86.ActiveCfg = Release|x86
		{963E0DD1-CAC9-490B-B38B-2F05CAC306C6}.Release|x86.Build.0 = Release|x86
		{963E0DD1-CAC9-490B-B38B-2F05CAC306C6}.Release|x86.Deploy.0 = Release|x86
		{6F4E3759-FF34-4ABE-BCE2-35078E27A681}.Debug|Any CPU.ActiveCfg = Debug|Any CPU
		{6F4E3759-FF34-4ABE-BCE2-35078E27A681}.Debug|Any CPU.Build.0 = Debug|Any CPU
		{6F4E3759-FF34-4ABE-BCE2-35078E27A681}.Debug|ARM.ActiveCfg = Debug|Any CPU
		{6F4E3759-FF34-4ABE-BCE2-35078E27A681}.Debug|ARM.Build.0 = Debug|Any CPU
		{6F4E3759-FF34-4ABE-BCE2-35078E27A681}.Debug|ARM64.ActiveCfg = Debug|Any CPU
		{6F4E3759-FF34-4ABE-BCE2-35078E27A681}.Debug|ARM64.Build.0 = Debug|Any CPU
		{6F4E3759-FF34-4ABE-BCE2-35078E27A681}.Debug|x64.ActiveCfg = Debug|Any CPU
		{6F4E3759-FF34-4ABE-BCE2-35078E27A681}.Debug|x64.Build.0 = Debug|Any CPU
		{6F4E3759-FF34-4ABE-BCE2-35078E27A681}.Debug|x86.ActiveCfg = Debug|Any CPU
		{6F4E3759-FF34-4ABE-BCE2-35078E27A681}.Debug|x86.Build.0 = Debug|Any CPU
		{6F4E3759-FF34-4ABE-BCE2-35078E27A681}.Release|Any CPU.ActiveCfg = Release|Any CPU
		{6F4E3759-FF34-4ABE-BCE2-35078E27A681}.Release|Any CPU.Build.0 = Release|Any CPU
		{6F4E3759-FF34-4ABE-BCE2-35078E27A681}.Release|ARM.ActiveCfg = Release|Any CPU
		{6F4E3759-FF34-4ABE-BCE2-35078E27A681}.Release|ARM.Build.0 = Release|Any CPU
		{6F4E3759-FF34-4ABE-BCE2-35078E27A681}.Release|ARM64.ActiveCfg = Release|Any CPU
		{6F4E3759-FF34-4ABE-BCE2-35078E27A681}.Release|ARM64.Build.0 = Release|Any CPU
		{6F4E3759-FF34-4ABE-BCE2-35078E27A681}.Release|x64.ActiveCfg = Release|Any CPU
		{6F4E3759-FF34-4ABE-BCE2-35078E27A681}.Release|x64.Build.0 = Release|Any CPU
		{6F4E3759-FF34-4ABE-BCE2-35078E27A681}.Release|x86.ActiveCfg = Release|Any CPU
		{6F4E3759-FF34-4ABE-BCE2-35078E27A681}.Release|x86.Build.0 = Release|Any CPU
		{E6A773FB-DBF3-4E5A-A585-400E8A83FE7C}.Debug|Any CPU.ActiveCfg = Debug|Any CPU
		{E6A773FB-DBF3-4E5A-A585-400E8A83FE7C}.Debug|Any CPU.Build.0 = Debug|Any CPU
		{E6A773FB-DBF3-4E5A-A585-400E8A83FE7C}.Debug|ARM.ActiveCfg = Debug|Any CPU
		{E6A773FB-DBF3-4E5A-A585-400E8A83FE7C}.Debug|ARM.Build.0 = Debug|Any CPU
		{E6A773FB-DBF3-4E5A-A585-400E8A83FE7C}.Debug|ARM64.ActiveCfg = Debug|Any CPU
		{E6A773FB-DBF3-4E5A-A585-400E8A83FE7C}.Debug|ARM64.Build.0 = Debug|Any CPU
		{E6A773FB-DBF3-4E5A-A585-400E8A83FE7C}.Debug|x64.ActiveCfg = Debug|Any CPU
		{E6A773FB-DBF3-4E5A-A585-400E8A83FE7C}.Debug|x64.Build.0 = Debug|Any CPU
		{E6A773FB-DBF3-4E5A-A585-400E8A83FE7C}.Debug|x86.ActiveCfg = Debug|Any CPU
		{E6A773FB-DBF3-4E5A-A585-400E8A83FE7C}.Debug|x86.Build.0 = Debug|Any CPU
		{E6A773FB-DBF3-4E5A-A585-400E8A83FE7C}.Release|Any CPU.ActiveCfg = Release|Any CPU
		{E6A773FB-DBF3-4E5A-A585-400E8A83FE7C}.Release|Any CPU.Build.0 = Release|Any CPU
		{E6A773FB-DBF3-4E5A-A585-400E8A83FE7C}.Release|ARM.ActiveCfg = Release|Any CPU
		{E6A773FB-DBF3-4E5A-A585-400E8A83FE7C}.Release|ARM.Build.0 = Release|Any CPU
		{E6A773FB-DBF3-4E5A-A585-400E8A83FE7C}.Release|ARM64.ActiveCfg = Release|Any CPU
		{E6A773FB-DBF3-4E5A-A585-400E8A83FE7C}.Release|ARM64.Build.0 = Release|Any CPU
		{E6A773FB-DBF3-4E5A-A585-400E8A83FE7C}.Release|x64.ActiveCfg = Release|Any CPU
		{E6A773FB-DBF3-4E5A-A585-400E8A83FE7C}.Release|x64.Build.0 = Release|Any CPU
		{E6A773FB-DBF3-4E5A-A585-400E8A83FE7C}.Release|x86.ActiveCfg = Release|Any CPU
		{E6A773FB-DBF3-4E5A-A585-400E8A83FE7C}.Release|x86.Build.0 = Release|Any CPU
		{EF407A85-3916-4B4D-AC88-59709E3E9542}.Debug|Any CPU.ActiveCfg = Debug|Any CPU
		{EF407A85-3916-4B4D-AC88-59709E3E9542}.Debug|Any CPU.Build.0 = Debug|Any CPU
		{EF407A85-3916-4B4D-AC88-59709E3E9542}.Debug|ARM.ActiveCfg = Debug|Any CPU
		{EF407A85-3916-4B4D-AC88-59709E3E9542}.Debug|ARM.Build.0 = Debug|Any CPU
		{EF407A85-3916-4B4D-AC88-59709E3E9542}.Debug|ARM64.ActiveCfg = Debug|Any CPU
		{EF407A85-3916-4B4D-AC88-59709E3E9542}.Debug|ARM64.Build.0 = Debug|Any CPU
		{EF407A85-3916-4B4D-AC88-59709E3E9542}.Debug|x64.ActiveCfg = Debug|Any CPU
		{EF407A85-3916-4B4D-AC88-59709E3E9542}.Debug|x64.Build.0 = Debug|Any CPU
		{EF407A85-3916-4B4D-AC88-59709E3E9542}.Debug|x86.ActiveCfg = Debug|Any CPU
		{EF407A85-3916-4B4D-AC88-59709E3E9542}.Debug|x86.Build.0 = Debug|Any CPU
		{EF407A85-3916-4B4D-AC88-59709E3E9542}.Release|Any CPU.ActiveCfg = Release|Any CPU
		{EF407A85-3916-4B4D-AC88-59709E3E9542}.Release|Any CPU.Build.0 = Release|Any CPU
		{EF407A85-3916-4B4D-AC88-59709E3E9542}.Release|ARM.ActiveCfg = Release|Any CPU
		{EF407A85-3916-4B4D-AC88-59709E3E9542}.Release|ARM.Build.0 = Release|Any CPU
		{EF407A85-3916-4B4D-AC88-59709E3E9542}.Release|ARM64.ActiveCfg = Release|Any CPU
		{EF407A85-3916-4B4D-AC88-59709E3E9542}.Release|ARM64.Build.0 = Release|Any CPU
		{EF407A85-3916-4B4D-AC88-59709E3E9542}.Release|x64.ActiveCfg = Release|Any CPU
		{EF407A85-3916-4B4D-AC88-59709E3E9542}.Release|x64.Build.0 = Release|Any CPU
		{EF407A85-3916-4B4D-AC88-59709E3E9542}.Release|x86.ActiveCfg = Release|Any CPU
		{EF407A85-3916-4B4D-AC88-59709E3E9542}.Release|x86.Build.0 = Release|Any CPU
	EndGlobalSection
	GlobalSection(SolutionProperties) = preSolution
		HideSolutionNode = FALSE
	EndGlobalSection
	GlobalSection(NestedProjects) = preSolution
		{4092441F-4F90-4DF6-B68C-6EC27AC22CA2} = {07321F27-23C1-4115-B3CA-4DFE16302D5D}
		{6F4E3759-FF34-4ABE-BCE2-35078E27A681} = {46302E28-9160-47F7-89A0-D742E6359546}
		{E6A773FB-DBF3-4E5A-A585-400E8A83FE7C} = {46302E28-9160-47F7-89A0-D742E6359546}
		{EF407A85-3916-4B4D-AC88-59709E3E9542} = {07321F27-23C1-4115-B3CA-4DFE16302D5D}
		{A3A11726-6514-4508-8514-E779832A5FAB} = {46302E28-9160-47F7-89A0-D742E6359546}
	EndGlobalSection
	GlobalSection(ExtensibilityGlobals) = postSolution
		SolutionGuid = {8FAE45A0-1D0E-4FA3-91F7-18064BC883FD}
	EndGlobalSection
	GlobalSection(SharedMSBuildProjectFiles) = preSolution
		QuickPad.Shared.Commands\QuickPad.Shared.Commands.projitems*{963e0dd1-cac9-490b-b38b-2f05cac306c6}*SharedItemsImports = 4
		QuickPad.Shared.Commands\QuickPad.Shared.Commands.projitems*{a3a11726-6514-4508-8514-e779832a5fab}*SharedItemsImports = 13
	EndGlobalSection
EndGlobal
